// !$*UTF8*$!
{
	archiveVersion = 1;
	classes = {
	};
	objectVersion = 50;
	objects = {

/* Begin PBXBuildFile section */
		DE786F1E269D2CF90006BE16 /* DetailViewController.swift in Sources */ = {isa = PBXBuildFile; fileRef = DE786F1D269D2CF90006BE16 /* DetailViewController.swift */; };
		DECABDE5269D1470000A0EF1 /* AppDelegate.swift in Sources */ = {isa = PBXBuildFile; fileRef = DECABDE4269D1470000A0EF1 /* AppDelegate.swift */; };
		DECABDE7269D1470000A0EF1 /* SceneDelegate.swift in Sources */ = {isa = PBXBuildFile; fileRef = DECABDE6269D1470000A0EF1 /* SceneDelegate.swift */; };
		DECABDEC269D1470000A0EF1 /* Main.storyboard in Resources */ = {isa = PBXBuildFile; fileRef = DECABDEA269D1470000A0EF1 /* Main.storyboard */; };
		DECABDEE269D1473000A0EF1 /* Assets.xcassets in Resources */ = {isa = PBXBuildFile; fileRef = DECABDED269D1473000A0EF1 /* Assets.xcassets */; };
		DECABDF1269D1473000A0EF1 /* LaunchScreen.storyboard in Resources */ = {isa = PBXBuildFile; fileRef = DECABDEF269D1473000A0EF1 /* LaunchScreen.storyboard */; };
		DECABDFC269D1473000A0EF1 /* BountyListTests.swift in Sources */ = {isa = PBXBuildFile; fileRef = DECABDFB269D1473000A0EF1 /* BountyListTests.swift */; };
		DECABE07269D1473000A0EF1 /* BountyListUITests.swift in Sources */ = {isa = PBXBuildFile; fileRef = DECABE06269D1473000A0EF1 /* BountyListUITests.swift */; };
		DECABE23269D17A4000A0EF1 /* BountyViewController.swift in Sources */ = {isa = PBXBuildFile; fileRef = DECABE22269D17A4000A0EF1 /* BountyViewController.swift */; };
/* End PBXBuildFile section */

/* Begin PBXContainerItemProxy section */
		DECABDF8269D1473000A0EF1 /* PBXContainerItemProxy */ = {
			isa = PBXContainerItemProxy;
			containerPortal = DECABDD9269D1470000A0EF1 /* Project object */;
			proxyType = 1;
			remoteGlobalIDString = DECABDE0269D1470000A0EF1;
			remoteInfo = BountyList;
		};
		DECABE03269D1473000A0EF1 /* PBXContainerItemProxy */ = {
			isa = PBXContainerItemProxy;
			containerPortal = DECABDD9269D1470000A0EF1 /* Project object */;
			proxyType = 1;
			remoteGlobalIDString = DECABDE0269D1470000A0EF1;
			remoteInfo = BountyList;
		};
/* End PBXContainerItemProxy section */

/* Begin PBXFileReference section */
		DE786F1D269D2CF90006BE16 /* DetailViewController.swift */ = {isa = PBXFileReference; lastKnownFileType = sourcecode.swift; path = DetailViewController.swift; sourceTree = "<group>"; };
		DECABDE1269D1470000A0EF1 /* BountyList.app */ = {isa = PBXFileReference; explicitFileType = wrapper.application; includeInIndex = 0; path = BountyList.app; sourceTree = BUILT_PRODUCTS_DIR; };
		DECABDE4269D1470000A0EF1 /* AppDelegate.swift */ = {isa = PBXFileReference; lastKnownFileType = sourcecode.swift; path = AppDelegate.swift; sourceTree = "<group>"; };
		DECABDE6269D1470000A0EF1 /* SceneDelegate.swift */ = {isa = PBXFileReference; lastKnownFileType = sourcecode.swift; path = SceneDelegate.swift; sourceTree = "<group>"; };
		DECABDEB269D1470000A0EF1 /* Base */ = {isa = PBXFileReference; lastKnownFileType = file.storyboard; name = Base; path = Base.lproj/Main.storyboard; sourceTree = "<group>"; };
		DECABDED269D1473000A0EF1 /* Assets.xcassets */ = {isa = PBXFileReference; lastKnownFileType = folder.assetcatalog; path = Assets.xcassets; sourceTree = "<group>"; };
		DECABDF0269D1473000A0EF1 /* Base */ = {isa = PBXFileReference; lastKnownFileType = file.storyboard; name = Base; path = Base.lproj/LaunchScreen.storyboard; sourceTree = "<group>"; };
		DECABDF2269D1473000A0EF1 /* Info.plist */ = {isa = PBXFileReference; lastKnownFileType = text.plist.xml; path = Info.plist; sourceTree = "<group>"; };
		DECABDF7269D1473000A0EF1 /* BountyListTests.xctest */ = {isa = PBXFileReference; explicitFileType = wrapper.cfbundle; includeInIndex = 0; path = BountyListTests.xctest; sourceTree = BUILT_PRODUCTS_DIR; };
		DECABDFB269D1473000A0EF1 /* BountyListTests.swift */ = {isa = PBXFileReference; lastKnownFileType = sourcecode.swift; path = BountyListTests.swift; sourceTree = "<group>"; };
		DECABDFD269D1473000A0EF1 /* Info.plist */ = {isa = PBXFileReference; lastKnownFileType = text.plist.xml; path = Info.plist; sourceTree = "<group>"; };
		DECABE02269D1473000A0EF1 /* BountyListUITests.xctest */ = {isa = PBXFileReference; explicitFileType = wrapper.cfbundle; includeInIndex = 0; path = BountyListUITests.xctest; sourceTree = BUILT_PRODUCTS_DIR; };
		DECABE06269D1473000A0EF1 /* BountyListUITests.swift */ = {isa = PBXFileReference; lastKnownFileType = sourcecode.swift; path = BountyListUITests.swift; sourceTree = "<group>"; };
		DECABE08269D1473000A0EF1 /* Info.plist */ = {isa = PBXFileReference; lastKnownFileType = text.plist.xml; path = Info.plist; sourceTree = "<group>"; };
		DECABE22269D17A4000A0EF1 /* BountyViewController.swift */ = {isa = PBXFileReference; lastKnownFileType = sourcecode.swift; path = BountyViewController.swift; sourceTree = "<group>"; };
/* End PBXFileReference section */

/* Begin PBXFrameworksBuildPhase section */
		DECABDDE269D1470000A0EF1 /* Frameworks */ = {
			isa = PBXFrameworksBuildPhase;
			buildActionMask = 2147483647;
			files = (
			);
			runOnlyForDeploymentPostprocessing = 0;
		};
		DECABDF4269D1473000A0EF1 /* Frameworks */ = {
			isa = PBXFrameworksBuildPhase;
			buildActionMask = 2147483647;
			files = (
			);
			runOnlyForDeploymentPostprocessing = 0;
		};
		DECABDFF269D1473000A0EF1 /* Frameworks */ = {
			isa = PBXFrameworksBuildPhase;
			buildActionMask = 2147483647;
			files = (
			);
			runOnlyForDeploymentPostprocessing = 0;
		};
/* End PBXFrameworksBuildPhase section */

/* Begin PBXGroup section */
		DECABDD8269D1470000A0EF1 = {
			isa = PBXGroup;
			children = (
				DECABDE3269D1470000A0EF1 /* BountyList */,
				DECABDFA269D1473000A0EF1 /* BountyListTests */,
				DECABE05269D1473000A0EF1 /* BountyListUITests */,
				DECABDE2269D1470000A0EF1 /* Products */,
			);
			sourceTree = "<group>";
		};
		DECABDE2269D1470000A0EF1 /* Products */ = {
			isa = PBXGroup;
			children = (
				DECABDE1269D1470000A0EF1 /* BountyList.app */,
				DECABDF7269D1473000A0EF1 /* BountyListTests.xctest */,
				DECABE02269D1473000A0EF1 /* BountyListUITests.xctest */,
			);
			name = Products;
			sourceTree = "<group>";
		};
		DECABDE3269D1470000A0EF1 /* BountyList */ = {
			isa = PBXGroup;
			children = (
				DECABDE4269D1470000A0EF1 /* AppDelegate.swift */,
				DECABDE6269D1470000A0EF1 /* SceneDelegate.swift */,
				DECABDEA269D1470000A0EF1 /* Main.storyboard */,
				DECABE22269D17A4000A0EF1 /* BountyViewController.swift */,
				DE786F1D269D2CF90006BE16 /* DetailViewController.swift */,
				DECABDED269D1473000A0EF1 /* Assets.xcassets */,
				DECABDEF269D1473000A0EF1 /* LaunchScreen.storyboard */,
				DECABDF2269D1473000A0EF1 /* Info.plist */,
			);
			path = BountyList;
			sourceTree = "<group>";
		};
		DECABDFA269D1473000A0EF1 /* BountyListTests */ = {
			isa = PBXGroup;
			children = (
				DECABDFB269D1473000A0EF1 /* BountyListTests.swift */,
				DECABDFD269D1473000A0EF1 /* Info.plist */,
			);
			path = BountyListTests;
			sourceTree = "<group>";
		};
		DECABE05269D1473000A0EF1 /* BountyListUITests */ = {
			isa = PBXGroup;
			children = (
				DECABE06269D1473000A0EF1 /* BountyListUITests.swift */,
				DECABE08269D1473000A0EF1 /* Info.plist */,
			);
			path = BountyListUITests;
			sourceTree = "<group>";
		};
/* End PBXGroup section */

/* Begin PBXNativeTarget section */
		DECABDE0269D1470000A0EF1 /* BountyList */ = {
			isa = PBXNativeTarget;
			buildConfigurationList = DECABE0B269D1473000A0EF1 /* Build configuration list for PBXNativeTarget "BountyList" */;
			buildPhases = (
				DECABDDD269D1470000A0EF1 /* Sources */,
				DECABDDE269D1470000A0EF1 /* Frameworks */,
				DECABDDF269D1470000A0EF1 /* Resources */,
			);
			buildRules = (
			);
			dependencies = (
			);
			name = BountyList;
			productName = BountyList;
			productReference = DECABDE1269D1470000A0EF1 /* BountyList.app */;
			productType = "com.apple.product-type.application";
		};
		DECABDF6269D1473000A0EF1 /* BountyListTests */ = {
			isa = PBXNativeTarget;
			buildConfigurationList = DECABE0E269D1473000A0EF1 /* Build configuration list for PBXNativeTarget "BountyListTests" */;
			buildPhases = (
				DECABDF3269D1473000A0EF1 /* Sources */,
				DECABDF4269D1473000A0EF1 /* Frameworks */,
				DECABDF5269D1473000A0EF1 /* Resources */,
			);
			buildRules = (
			);
			dependencies = (
				DECABDF9269D1473000A0EF1 /* PBXTargetDependency */,
			);
			name = BountyListTests;
			productName = BountyListTests;
			productReference = DECABDF7269D1473000A0EF1 /* BountyListTests.xctest */;
			productType = "com.apple.product-type.bundle.unit-test";
		};
		DECABE01269D1473000A0EF1 /* BountyListUITests */ = {
			isa = PBXNativeTarget;
			buildConfigurationList = DECABE11269D1473000A0EF1 /* Build configuration list for PBXNativeTarget "BountyListUITests" */;
			buildPhases = (
				DECABDFE269D1473000A0EF1 /* Sources */,
				DECABDFF269D1473000A0EF1 /* Frameworks */,
				DECABE00269D1473000A0EF1 /* Resources */,
			);
			buildRules = (
			);
			dependencies = (
				DECABE04269D1473000A0EF1 /* PBXTargetDependency */,
			);
			name = BountyListUITests;
			productName = BountyListUITests;
			productReference = DECABE02269D1473000A0EF1 /* BountyListUITests.xctest */;
			productType = "com.apple.product-type.bundle.ui-testing";
		};
/* End PBXNativeTarget section */

/* Begin PBXProject section */
		DECABDD9269D1470000A0EF1 /* Project object */ = {
			isa = PBXProject;
			attributes = {
				LastSwiftUpdateCheck = 1240;
				LastUpgradeCheck = 1240;
				TargetAttributes = {
					DECABDE0269D1470000A0EF1 = {
						CreatedOnToolsVersion = 12.4;
					};
					DECABDF6269D1473000A0EF1 = {
						CreatedOnToolsVersion = 12.4;
						TestTargetID = DECABDE0269D1470000A0EF1;
					};
					DECABE01269D1473000A0EF1 = {
						CreatedOnToolsVersion = 12.4;
						TestTargetID = DECABDE0269D1470000A0EF1;
					};
				};
			};
			buildConfigurationList = DECABDDC269D1470000A0EF1 /* Build configuration list for PBXProject "BountyList" */;
			compatibilityVersion = "Xcode 9.3";
			developmentRegion = en;
			hasScannedForEncodings = 0;
			knownRegions = (
				en,
				Base,
			);
			mainGroup = DECABDD8269D1470000A0EF1;
			productRefGroup = DECABDE2269D1470000A0EF1 /* Products */;
			projectDirPath = "";
			projectRoot = "";
			targets = (
				DECABDE0269D1470000A0EF1 /* BountyList */,
				DECABDF6269D1473000A0EF1 /* BountyListTests */,
				DECABE01269D1473000A0EF1 /* BountyListUITests */,
			);
		};
/* End PBXProject section */

/* Begin PBXResourcesBuildPhase section */
		DECABDDF269D1470000A0EF1 /* Resources */ = {
			isa = PBXResourcesBuildPhase;
			buildActionMask = 2147483647;
			files = (
				DECABDF1269D1473000A0EF1 /* LaunchScreen.storyboard in Resources */,
				DECABDEE269D1473000A0EF1 /* Assets.xcassets in Resources */,
				DECABDEC269D1470000A0EF1 /* Main.storyboard in Resources */,
			);
			runOnlyForDeploymentPostprocessing = 0;
		};
		DECABDF5269D1473000A0EF1 /* Resources */ = {
			isa = PBXResourcesBuildPhase;
			buildActionMask = 2147483647;
			files = (
			);
			runOnlyForDeploymentPostprocessing = 0;
		};
		DECABE00269D1473000A0EF1 /* Resources */ = {
			isa = PBXResourcesBuildPhase;
			buildActionMask = 2147483647;
			files = (
			);
			runOnlyForDeploymentPostprocessing = 0;
		};
/* End PBXResourcesBuildPhase section */

/* Begin PBXSourcesBuildPhase section */
		DECABDDD269D1470000A0EF1 /* Sources */ = {
			isa = PBXSourcesBuildPhase;
			buildActionMask = 2147483647;
			files = (
				DECABDE5269D1470000A0EF1 /* AppDelegate.swift in Sources */,
				DECABE23269D17A4000A0EF1 /* BountyViewController.swift in Sources */,
				DECABDE7269D1470000A0EF1 /* SceneDelegate.swift in Sources */,
				DE786F1E269D2CF90006BE16 /* DetailViewController.swift in Sources */,
			);
			runOnlyForDeploymentPostprocessing = 0;
		};
		DECABDF3269D1473000A0EF1 /* Sources */ = {
			isa = PBXSourcesBuildPhase;
			buildActionMask = 2147483647;
			files = (
				DECABDFC269D1473000A0EF1 /* BountyListTests.swift in Sources */,
			);
			runOnlyForDeploymentPostprocessing = 0;
		};
		DECABDFE269D1473000A0EF1 /* Sources */ = {
			isa = PBXSourcesBuildPhase;
			buildActionMask = 2147483647;
			files = (
				DECABE07269D1473000A0EF1 /* BountyListUITests.swift in Sources */,
			);
			runOnlyForDeploymentPostprocessing = 0;
		};
/* End PBXSourcesBuildPhase section */

/* Begin PBXTargetDependency section */
		DECABDF9269D1473000A0EF1 /* PBXTargetDependency */ = {
			isa = PBXTargetDependency;
			target = DECABDE0269D1470000A0EF1 /* BountyList */;
			targetProxy = DECABDF8269D1473000A0EF1 /* PBXContainerItemProxy */;
		};
		DECABE04269D1473000A0EF1 /* PBXTargetDependency */ = {
			isa = PBXTargetDependency;
			target = DECABDE0269D1470000A0EF1 /* BountyList */;
			targetProxy = DECABE03269D1473000A0EF1 /* PBXContainerItemProxy */;
		};
/* End PBXTargetDependency section */

/* Begin PBXVariantGroup section */
		DECABDEA269D1470000A0EF1 /* Main.storyboard */ = {
			isa = PBXVariantGroup;
			children = (
				DECABDEB269D1470000A0EF1 /* Base */,
			);
			name = Main.storyboard;
			sourceTree = "<group>";
		};
		DECABDEF269D1473000A0EF1 /* LaunchScreen.storyboard */ = {
			isa = PBXVariantGroup;
			children = (
				DECABDF0269D1473000A0EF1 /* Base */,
			);
			name = LaunchScreen.storyboard;
			sourceTree = "<group>";
		};
/* End PBXVariantGroup section */

/* Begin XCBuildConfiguration section */
		DECABE09269D1473000A0EF1 /* Debug */ = {
			isa = XCBuildConfiguration;
			buildSettings = {
				ALWAYS_SEARCH_USER_PATHS = NO;
				CLANG_ANALYZER_NONNULL = YES;
				CLANG_ANALYZER_NUMBER_OBJECT_CONVERSION = YES_AGGRESSIVE;
				CLANG_CXX_LANGUAGE_STANDARD = "gnu++14";
				CLANG_CXX_LIBRARY = "libc++";
				CLANG_ENABLE_MODULES = YES;
				CLANG_ENABLE_OBJC_ARC = YES;
				CLANG_ENABLE_OBJC_WEAK = YES;
				CLANG_WARN_BLOCK_CAPTURE_AUTORELEASING = YES;
				CLANG_WARN_BOOL_CONVERSION = YES;
				CLANG_WARN_COMMA = YES;
				CLANG_WARN_CONSTANT_CONVERSION = YES;
				CLANG_WARN_DEPRECATED_OBJC_IMPLEMENTATIONS = YES;
				CLANG_WARN_DIRECT_OBJC_ISA_USAGE = YES_ERROR;
				CLANG_WARN_DOCUMENTATION_COMMENTS = YES;
				CLANG_WARN_EMPTY_BODY = YES;
				CLANG_WARN_ENUM_CONVERSION = YES;
				CLANG_WARN_INFINITE_RECURSION = YES;
				CLANG_WARN_INT_CONVERSION = YES;
				CLANG_WARN_NON_LITERAL_NULL_CONVERSION = YES;
				CLANG_WARN_OBJC_IMPLICIT_RETAIN_SELF = YES;
				CLANG_WARN_OBJC_LITERAL_CONVERSION = YES;
				CLANG_WARN_OBJC_ROOT_CLASS = YES_ERROR;
				CLANG_WARN_QUOTED_INCLUDE_IN_FRAMEWORK_HEADER = YES;
				CLANG_WARN_RANGE_LOOP_ANALYSIS = YES;
				CLANG_WARN_STRICT_PROTOTYPES = YES;
				CLANG_WARN_SUSPICIOUS_MOVE = YES;
				CLANG_WARN_UNGUARDED_AVAILABILITY = YES_AGGRESSIVE;
				CLANG_WARN_UNREACHABLE_CODE = YES;
				CLANG_WARN__DUPLICATE_METHOD_MATCH = YES;
				COPY_PHASE_STRIP = NO;
				DEBUG_INFORMATION_FORMAT = dwarf;
				ENABLE_STRICT_OBJC_MSGSEND = YES;
				ENABLE_TESTABILITY = YES;
				GCC_C_LANGUAGE_STANDARD = gnu11;
				GCC_DYNAMIC_NO_PIC = NO;
				GCC_NO_COMMON_BLOCKS = YES;
				GCC_OPTIMIZATION_LEVEL = 0;
				GCC_PREPROCESSOR_DEFINITIONS = (
					"DEBUG=1",
					"$(inherited)",
				);
				GCC_WARN_64_TO_32_BIT_CONVERSION = YES;
				GCC_WARN_ABOUT_RETURN_TYPE = YES_ERROR;
				GCC_WARN_UNDECLARED_SELECTOR = YES;
				GCC_WARN_UNINITIALIZED_AUTOS = YES_AGGRESSIVE;
				GCC_WARN_UNUSED_FUNCTION = YES;
				GCC_WARN_UNUSED_VARIABLE = YES;
				IPHONEOS_DEPLOYMENT_TARGET = 14.4;
				MTL_ENABLE_DEBUG_INFO = INCLUDE_SOURCE;
				MTL_FAST_MATH = YES;
				ONLY_ACTIVE_ARCH = YES;
				SDKROOT = iphoneos;
				SWIFT_ACTIVE_COMPILATION_CONDITIONS = DEBUG;
				SWIFT_OPTIMIZATION_LEVEL = "-Onone";
			};
			name = Debug;
		};
		DECABE0A269D1473000A0EF1 /* Release */ = {
			isa = XCBuildConfiguration;
			buildSettings = {
				ALWAYS_SEARCH_USER_PATHS = NO;
				CLANG_ANALYZER_NONNULL = YES;
				CLANG_ANALYZER_NUMBER_OBJECT_CONVERSION = YES_AGGRESSIVE;
				CLANG_CXX_LANGUAGE_STANDARD = "gnu++14";
				CLANG_CXX_LIBRARY = "libc++";
				CLANG_ENABLE_MODULES = YES;
				CLANG_ENABLE_OBJC_ARC = YES;
				CLANG_ENABLE_OBJC_WEAK = YES;
				CLANG_WARN_BLOCK_CAPTURE_AUTORELEASING = YES;
				CLANG_WARN_BOOL_CONVERSION = YES;
				CLANG_WARN_COMMA = YES;
				CLANG_WARN_CONSTANT_CONVERSION = YES;
				CLANG_WARN_DEPRECATED_OBJC_IMPLEMENTATIONS = YES;
				CLANG_WARN_DIRECT_OBJC_ISA_USAGE = YES_ERROR;
				CLANG_WARN_DOCUMENTATION_COMMENTS = YES;
				CLANG_WARN_EMPTY_BODY = YES;
				CLANG_WARN_ENUM_CONVERSION = YES;
				CLANG_WARN_INFINITE_RECURSION = YES;
				CLANG_WARN_INT_CONVERSION = YES;
				CLANG_WARN_NON_LITERAL_NULL_CONVERSION = YES;
				CLANG_WARN_OBJC_IMPLICIT_RETAIN_SELF = YES;
				CLANG_WARN_OBJC_LITERAL_CONVERSION = YES;
				CLANG_WARN_OBJC_ROOT_CLASS = YES_ERROR;
				CLANG_WARN_QUOTED_INCLUDE_IN_FRAMEWORK_HEADER = YES;
				CLANG_WARN_RANGE_LOOP_ANALYSIS = YES;
				CLANG_WARN_STRICT_PROTOTYPES = YES;
				CLANG_WARN_SUSPICIOUS_MOVE = YES;
				CLANG_WARN_UNGUARDED_AVAILABILITY = YES_AGGRESSIVE;
				CLANG_WARN_UNREACHABLE_CODE = YES;
				CLANG_WARN__DUPLICATE_METHOD_MATCH = YES;
				COPY_PHASE_STRIP = NO;
				DEBUG_INFORMATION_FORMAT = "dwarf-with-dsym";
				ENABLE_NS_ASSERTIONS = NO;
				ENABLE_STRICT_OBJC_MSGSEND = YES;
				GCC_C_LANGUAGE_STANDARD = gnu11;
				GCC_NO_COMMON_BLOCKS = YES;
				GCC_WARN_64_TO_32_BIT_CONVERSION = YES;
				GCC_WARN_ABOUT_RETURN_TYPE = YES_ERROR;
				GCC_WARN_UNDECLARED_SELECTOR = YES;
				GCC_WARN_UNINITIALIZED_AUTOS = YES_AGGRESSIVE;
				GCC_WARN_UNUSED_FUNCTION = YES;
				GCC_WARN_UNUSED_VARIABLE = YES;
				IPHONEOS_DEPLOYMENT_TARGET = 14.4;
				MTL_ENABLE_DEBUG_INFO = NO;
				MTL_FAST_MATH = YES;
				SDKROOT = iphoneos;
				SWIFT_COMPILATION_MODE = wholemodule;
				SWIFT_OPTIMIZATION_LEVEL = "-O";
				VALIDATE_PRODUCT = YES;
			};
			name = Release;
		};
		DECABE0C269D1473000A0EF1 /* Debug */ = {
			isa = XCBuildConfiguration;
			buildSettings = {
				ASSETCATALOG_COMPILER_APPICON_NAME = AppIcon;
				ASSETCATALOG_COMPILER_GLOBAL_ACCENT_COLOR_NAME = AccentColor;
				CODE_SIGN_STYLE = Automatic;
				INFOPLIST_FILE = BountyList/Info.plist;
				LD_RUNPATH_SEARCH_PATHS = (
					"$(inherited)",
					"@executable_path/Frameworks",
				);
				PRODUCT_BUNDLE_IDENTIFIER = zeke.BountyList;
				PRODUCT_NAME = "$(TARGET_NAME)";
				SWIFT_VERSION = 5.0;
				TARGETED_DEVICE_FAMILY = "1,2";
			};
			name = Debug;
		};
		DECABE0D269D1473000A0EF1 /* Release */ = {
			isa = XCBuildConfiguration;
			buildSettings = {
				ASSETCATALOG_COMPILER_APPICON_NAME = AppIcon;
				ASSETCATALOG_COMPILER_GLOBAL_ACCENT_COLOR_NAME = AccentColor;
				CODE_SIGN_STYLE = Automatic;
				INFOPLIST_FILE = BountyList/Info.plist;
				LD_RUNPATH_SEARCH_PATHS = (
					"$(inherited)",
					"@executable_path/Frameworks",
				);
				PRODUCT_BUNDLE_IDENTIFIER = zeke.BountyList;
				PRODUCT_NAME = "$(TARGET_NAME)";
				SWIFT_VERSION = 5.0;
				TARGETED_DEVICE_FAMILY = "1,2";
			};
			name = Release;
		};
		DECABE0F269D1473000A0EF1 /* Debug */ = {
			isa = XCBuildConfiguration;
			buildSettings = {
				ALWAYS_EMBED_SWIFT_STANDARD_LIBRARIES = YES;
				BUNDLE_LOADER = "$(TEST_HOST)";
				CODE_SIGN_STYLE = Automatic;
				INFOPLIST_FILE = BountyListTests/Info.plist;
				IPHONEOS_DEPLOYMENT_TARGET = 14.4;
				LD_RUNPATH_SEARCH_PATHS = (
					"$(inherited)",
					"@executable_path/Frameworks",
					"@loader_path/Frameworks",
				);
				PRODUCT_BUNDLE_IDENTIFIER = zeke.BountyListTests;
				PRODUCT_NAME = "$(TARGET_NAME)";
				SWIFT_VERSION = 5.0;
				TARGETED_DEVICE_FAMILY = "1,2";
				TEST_HOST = "$(BUILT_PRODUCTS_DIR)/BountyList.app/BountyList";
			};
			name = Debug;
		};
		DECABE10269D1473000A0EF1 /* Release */ = {
			isa = XCBuildConfiguration;
			buildSettings = {
				ALWAYS_EMBED_SWIFT_STANDARD_LIBRARIES = YES;
				BUNDLE_LOADER = "$(TEST_HOST)";
				CODE_SIGN_STYLE = Automatic;
				INFOPLIST_FILE = BountyListTests/Info.plist;
				IPHONEOS_DEPLOYMENT_TARGET = 14.4;
				LD_RUNPATH_SEARCH_PATHS = (
					"$(inherited)",
					"@executable_path/Frameworks",
					"@loader_path/Frameworks",
				);
				PRODUCT_BUNDLE_IDENTIFIER = zeke.BountyListTests;
				PRODUCT_NAME = "$(TARGET_NAME)";
				SWIFT_VERSION = 5.0;
				TARGETED_DEVICE_FAMILY = "1,2";
				TEST_HOST = "$(BUILT_PRODUCTS_DIR)/BountyList.app/BountyList";
			};
			name = Release;
		};
		DECABE12269D1473000A0EF1 /* Debug */ = {
			isa = XCBuildConfiguration;
			buildSettings = {
				ALWAYS_EMBED_SWIFT_STANDARD_LIBRARIES = YES;
				CODE_SIGN_STYLE = Automatic;
				INFOPLIST_FILE = BountyListUITests/Info.plist;
				LD_RUNPATH_SEARCH_PATHS = (
					"$(inherited)",
					"@executable_path/Frameworks",
					"@loader_path/Frameworks",
				);
				PRODUCT_BUNDLE_IDENTIFIER = zeke.BountyListUITests;
				PRODUCT_NAME = "$(TARGET_NAME)";
				SWIFT_VERSION = 5.0;
				TARGETED_DEVICE_FAMILY = "1,2";
				TEST_TARGET_NAME = BountyList;
			};
			name = Debug;
		};
		DECABE13269D1473000A0EF1 /* Release */ = {
			isa = XCBuildConfiguration;
			buildSettings = {
				ALWAYS_EMBED_SWIFT_STANDARD_LIBRARIES = YES;
				CODE_SIGN_STYLE = Automatic;
				INFOPLIST_FILE = BountyListUITests/Info.plist;
				LD_RUNPATH_SEARCH_PATHS = (
					"$(inherited)",
					"@executable_path/Frameworks",
					"@loader_path/Frameworks",
				);
				PRODUCT_BUNDLE_IDENTIFIER = zeke.BountyListUITests;
				PRODUCT_NAME = "$(TARGET_NAME)";
				SWIFT_VERSION = 5.0;
				TARGETED_DEVICE_FAMILY = "1,2";
				TEST_TARGET_NAME = BountyList;
			};
			name = Release;
		};
/* End XCBuildConfiguration section */

/* Begin XCConfigurationList section */
		DECABDDC269D1470000A0EF1 /* Build configuration list for PBXProject "BountyList" */ = {
			isa = XCConfigurationList;
			buildConfigurations = (
				DECABE09269D1473000A0EF1 /* Debug */,
				DECABE0A269D1473000A0EF1 /* Release */,
			);
			defaultConfigurationIsVisible = 0;
			defaultConfigurationName = Release;
		};
		DECABE0B269D1473000A0EF1 /* Build configuration list for PBXNativeTarget "BountyList" */ = {
			isa = XCConfigurationList;
			buildConfigurations = (
				DECABE0C269D1473000A0EF1 /* Debug */,
				DECABE0D269D1473000A0EF1 /* Release */,
			);
			defaultConfigurationIsVisible = 0;
			defaultConfigurationName = Release;
		};
		DECABE0E269D1473000A0EF1 /* Build configuration list for PBXNativeTarget "BountyListTests" */ = {
			isa = XCConfigurationList;
			buildConfigurations = (
				DECABE0F269D1473000A0EF1 /* Debug */,
				DECABE10269D1473000A0EF1 /* Release */,
			);
			defaultConfigurationIsVisible = 0;
			defaultConfigurationName = Release;
		};
		DECABE11269D1473000A0EF1 /* Build configuration list for PBXNativeTarget "BountyListUITests" */ = {
			isa = XCConfigurationList;
			buildConfigurations = (
				DECABE12269D1473000A0EF1 /* Debug */,
				DECABE13269D1473000A0EF1 /* Release */,
			);
			defaultConfigurationIsVisible = 0;
			defaultConfigurationName = Release;
		};
/* End XCConfigurationList section */
	};
	rootObject = DECABDD9269D1470000A0EF1 /* Project object */;
}
